
Microsoft Visual Studio Solution File, Format Version 12.00
# Visual Studio Version 16
VisualStudioVersion = 16.0.29613.14
MinimumVisualStudioVersion = 10.0.40219.1
Project("{FAE04EC0-301F-11D3-BF4B-00C04F79EFBC}") = "ShoppingCart", "ShoppingCart\ShoppingCart.csproj", "{CF27154F-176B-4BC5-9565-CDA742B7F2C3}"
EndProject
Project("{FAE04EC0-301F-11D3-BF4B-00C04F79EFBC}") = "ShoppingCart.Tests", "ShoppingCart.Tests\ShoppingCart.Tests.csproj", "{B7B33991-83C6-46CA-9068-48B7853C6E04}"
EndProject
Global
	GlobalSection(SolutionConfigurationPlatforms) = preSolution
		Debug|Any CPU = Debug|Any CPU
		Release|Any CPU = Release|Any CPU
	EndGlobalSection
	GlobalSection(ProjectConfigurationPlatforms) = postSolution
		{CF27154F-176B-4BC5-9565-CDA742B7F2C3}.Debug|Any CPU.ActiveCfg = Debug|Any CPU
		{CF27154F-176B-4BC5-9565-CDA742B7F2C3}.Debug|Any CPU.Build.0 = Debug|Any CPU
		{CF27154F-176B-4BC5-9565-CDA742B7F2C3}.Release|Any CPU.ActiveCfg = Release|Any CPU
		{CF27154F-176B-4BC5-9565-CDA742B7F2C3}.Release|Any CPU.Build.0 = Release|Any CPU
		{B7B33991-83C6-46CA-9068-48B7853C6E04}.Debug|Any CPU.ActiveCfg = Debug|Any CPU
		{B7B33991-83C6-46CA-9068-48B7853C6E04}.Debug|Any CPU.Build.0 = Debug|Any CPU
		{B7B33991-83C6-46CA-9068-48B7853C6E04}.Release|Any CPU.ActiveCfg = Release|Any CPU
		{B7B33991-83C6-46CA-9068-48B7853C6E04}.Release|Any CPU.Build.0 = Release|Any CPU
	EndGlobalSection
	GlobalSection(SolutionProperties) = preSolution
		HideSolutionNode = FALSE
	EndGlobalSection
	GlobalSection(ExtensibilityGlobals) = postSolution
		SolutionGuid = {1CB03018-ABE0-48A6-A0D3-E5F39EC63A99}
	EndGlobalSection
EndGlobal
